version = 1
revision = 1
requires-python = ">=3.13"

[[package]]
name = "adbutils"
version = "2.8.0"
source = { registry = "https://pypi.tuna.tsinghua.edu.cn/simple" }
dependencies = [
    { name = "apkutils2" },
    { name = "deprecation" },
    { name = "pillow" },
    { name = "requests" },
    { name = "retry" },
]
sdist = { url = "https://pypi.tuna.tsinghua.edu.cn/packages/2c/11/c3279c764702c4243cf93674e526d437b57af5765da71b34d02aa351808a/adbutils-2.8.0.tar.gz", hash = "sha256:2e6f580b412014783d054febcb95c7ff3962e4120b80b340419790f71f2d4489", size = 185060 }
wheels = [
    { url = "https://pypi.tuna.tsinghua.edu.cn/packages/ff/79/af5ab65f36aa5f21dd461173bc23a18b0631fc5e35343c7159eac79e80e2/adbutils-2.8.0-py3-none-macosx_10_9_intel.macosx_10_9_x86_64.macosx_10_10_intel.macosx_10_10_x86_64.whl", hash = "sha256:88c9beacbffc52df3740dced9b44230e7f28148d9e7d8bc4e0666f5d503b1cb2", size = 6060857 },
    { url = "https://pypi.tuna.tsinghua.edu.cn/packages/f8/16/c0410916d20617ad823542144022bb24335ab5d46f6b498200e28c151fcb/adbutils-2.8.0-py3-none-manylinux1_x86_64.whl", hash = "sha256:6becbb3f4c4cf4bb06c3519588b1c63832e12abd629d2a98a7f7e244f83ea9db", size = 3254543 },
    { url = "https://pypi.tuna.tsinghua.edu.cn/packages/1d/6a/10e56a2190f133e43913891f7a620d1e5b93fc6f426d470956f1d961cc64/adbutils-2.8.0-py3-none-win32.whl", hash = "sha256:7aaf43015b49d39151461881b752e81af2010b38bc9a70b0948b5e1e1bcc4b73", size = 3000561 },
    { url = "https://pypi.tuna.tsinghua.edu.cn/packages/bc/f5/47848166277b9b480f1a3c9653aea2157c7b3e6088d4f5d59646ea98b948/adbutils-2.8.0-py3-none-win_amd64.whl", hash = "sha256:739d69c8e266c4d65512ff77551ef57b2178e0870bdfda1bef034dd0f2ad9433", size = 3000563 },
]

[[package]]
name = "annotated-types"
version = "0.7.0"
source = { registry = "https://pypi.tuna.tsinghua.edu.cn/simple" }
sdist = { url = "https://pypi.tuna.tsinghua.edu.cn/packages/ee/67/531ea369ba64dcff5ec9c3402f9f51bf748cec26dde048a2f973a4eea7f5/annotated_types-0.7.0.tar.gz", hash = "sha256:aff07c09a53a08bc8cfccb9c85b05f1aa9a2a6f23728d790723543408344ce89", size = 16081 }
wheels = [
    { url = "https://pypi.tuna.tsinghua.edu.cn/packages/78/b6/6307fbef88d9b5ee7421e68d78a9f162e0da4900bc5f5793f6d3d0e34fb8/annotated_types-0.7.0-py3-none-any.whl", hash = "sha256:1f02e8b43a8fbbc3f3e0d4f0f4bfc8131bcb4eebe8849b8e5c773f3a1c582a53", size = 13643 },
]

[[package]]
name = "apkutils2"
version = "1.0.0"
source = { registry = "https://pypi.tuna.tsinghua.edu.cn/simple" }
dependencies = [
    { name = "cigam" },
    { name = "pyelftools" },
    { name = "xmltodict" },
]
sdist = { url = "https://pypi.tuna.tsinghua.edu.cn/packages/e5/d0/432fb6fb1fe48aa0ea1c80e8dec4a26f70c868999c076f92af88582ae91a/apkutils2-1.0.0.tar.gz", hash = "sha256:c5ae8f86d3ebee6a59fc014d88507741d7f3f9ab183bab34b44d011fe878660b", size = 60986 }

[[package]]
name = "av"
version = "14.2.0"
source = { registry = "https://pypi.tuna.tsinghua.edu.cn/simple" }
sdist = { url = "https://pypi.tuna.tsinghua.edu.cn/packages/f8/b6/83129e0337376214b0304893cbf0ad0a54718bb47845517fa5870439ca0b/av-14.2.0.tar.gz", hash = "sha256:132b5d52ca262b97b0356e8f48cbbe54d0ac232107a722ab8cc8c0c19eafa17b", size = 4063022 }
wheels = [
    { url = "https://pypi.tuna.tsinghua.edu.cn/packages/09/5b/cd6c553af8385e590b5f816093ecb6e267e3f00c2669f8323be8f62b96c3/av-14.2.0-cp313-cp313-macosx_12_0_arm64.whl", hash = "sha256:e745ac7db026f4f68e4b5aebeda0d6188d2fb78a26825e628b97ee7ccaadc7e0", size = 22029217 },
    { url = "https://pypi.tuna.tsinghua.edu.cn/packages/ce/bd/82c55b903fc1fc9428881742a10f5a4180a4f60ad2d75eb451acf85e7ceb/av-14.2.0-cp313-cp313-macosx_12_0_x86_64.whl", hash = "sha256:69e93ae8fd4e55247ebcc966a0bf1bcc7fcba2f6b9811eb622613c2615aec59f", size = 27412669 },
    { url = "https://pypi.tuna.tsinghua.edu.cn/packages/a9/a5/39b9705e23b8b2369a45d00de24cbe080d4cd0ad2907c9a72bd5b5e42141/av-14.2.0-cp313-cp313-manylinux_2_17_aarch64.manylinux2014_aarch64.whl", hash = "sha256:01dfdd042a1077e37308a9c2538eb7cfb01588b916c9083f66fbf1b94432fb1a", size = 37392185 },
    { url = "https://pypi.tuna.tsinghua.edu.cn/packages/56/4d/7b741803a88342d1e532d651be7a4a3f00a225dbc3a1648f8c447b64cc93/av-14.2.0-cp313-cp313-manylinux_2_17_i686.manylinux2014_i686.whl", hash = "sha256:c357421d4ec2f2eb919c0a4d48814328b93f456da12e8d751ca13be02920a82e", size = 35719211 },
    { url = "https://pypi.tuna.tsinghua.edu.cn/packages/44/58/5f156af35eb58857f3a1c21b0d9b1bbfa535c2b4cecd6e0789c2202ead08/av-14.2.0-cp313-cp313-manylinux_2_17_x86_64.manylinux2014_x86_64.whl", hash = "sha256:7aeec3413822ffacc67a4832a0254cb67a3cfe6e3774ed80c0fa1b349dd1fe2b", size = 39691118 },
    { url = "https://pypi.tuna.tsinghua.edu.cn/packages/5f/87/d7a5d6995f90b73b70554eea5ee9743ef1e2897be8117aa7a48e8c834239/av-14.2.0-cp313-cp313-win_amd64.whl", hash = "sha256:b1c8b180cf339644f01b9a3c9a55aedbd1cf60ac60335f0254dcd6af3ba3fab4", size = 30827999 },
]

[[package]]
name = "certifi"
version = "2025.1.31"
source = { registry = "https://pypi.tuna.tsinghua.edu.cn/simple" }
sdist = { url = "https://pypi.tuna.tsinghua.edu.cn/packages/1c/ab/c9f1e32b7b1bf505bf26f0ef697775960db7932abeb7b516de930ba2705f/certifi-2025.1.31.tar.gz", hash = "sha256:3d5da6925056f6f18f119200434a4780a94263f10d1c21d032a6f6b2baa20651", size = 167577 }
wheels = [
    { url = "https://pypi.tuna.tsinghua.edu.cn/packages/38/fc/bce832fd4fd99766c04d1ee0eead6b0ec6486fb100ae5e74c1d91292b982/certifi-2025.1.31-py3-none-any.whl", hash = "sha256:ca78db4565a652026a4db2bcdf68f2fb589ea80d0be70e03929ed730746b84fe", size = 166393 },
]

[[package]]
name = "charset-normalizer"
version = "3.4.1"
source = { registry = "https://pypi.tuna.tsinghua.edu.cn/simple" }
sdist = { url = "https://pypi.tuna.tsinghua.edu.cn/packages/16/b0/572805e227f01586461c80e0fd25d65a2115599cc9dad142fee4b747c357/charset_normalizer-3.4.1.tar.gz", hash = "sha256:44251f18cd68a75b56585dd00dae26183e102cd5e0f9f1466e6df5da2ed64ea3", size = 123188 }
wheels = [
    { url = "https://pypi.tuna.tsinghua.edu.cn/packages/38/94/ce8e6f63d18049672c76d07d119304e1e2d7c6098f0841b51c666e9f44a0/charset_normalizer-3.4.1-cp313-cp313-macosx_10_13_universal2.whl", hash = "sha256:aabfa34badd18f1da5ec1bc2715cadc8dca465868a4e73a0173466b688f29dda", size = 195698 },
    { url = "https://pypi.tuna.tsinghua.edu.cn/packages/24/2e/dfdd9770664aae179a96561cc6952ff08f9a8cd09a908f259a9dfa063568/charset_normalizer-3.4.1-cp313-cp313-manylinux_2_17_aarch64.manylinux2014_aarch64.whl", hash = "sha256:22e14b5d70560b8dd51ec22863f370d1e595ac3d024cb8ad7d308b4cd95f8313", size = 140162 },
    { url = "https://pypi.tuna.tsinghua.edu.cn/packages/24/4e/f646b9093cff8fc86f2d60af2de4dc17c759de9d554f130b140ea4738ca6/charset_normalizer-3.4.1-cp313-cp313-manylinux_2_17_ppc64le.manylinux2014_ppc64le.whl", hash = "sha256:8436c508b408b82d87dc5f62496973a1805cd46727c34440b0d29d8a2f50a6c9", size = 150263 },
    { url = "https://pypi.tuna.tsinghua.edu.cn/packages/5e/67/2937f8d548c3ef6e2f9aab0f6e21001056f692d43282b165e7c56023e6dd/charset_normalizer-3.4.1-cp313-cp313-manylinux_2_17_s390x.manylinux2014_s390x.whl", hash = "sha256:2d074908e1aecee37a7635990b2c6d504cd4766c7bc9fc86d63f9c09af3fa11b", size = 142966 },
    { url = "https://pypi.tuna.tsinghua.edu.cn/packages/52/ed/b7f4f07de100bdb95c1756d3a4d17b90c1a3c53715c1a476f8738058e0fa/charset_normalizer-3.4.1-cp313-cp313-manylinux_2_17_x86_64.manylinux2014_x86_64.whl", hash = "sha256:955f8851919303c92343d2f66165294848d57e9bba6cf6e3625485a70a038d11", size = 144992 },
    { url = "https://pypi.tuna.tsinghua.edu.cn/packages/96/2c/d49710a6dbcd3776265f4c923bb73ebe83933dfbaa841c5da850fe0fd20b/charset_normalizer-3.4.1-cp313-cp313-manylinux_2_5_i686.manylinux1_i686.manylinux_2_17_i686.manylinux2014_i686.whl", hash = "sha256:44ecbf16649486d4aebafeaa7ec4c9fed8b88101f4dd612dcaf65d5e815f837f", size = 147162 },
    { url = "https://pypi.tuna.tsinghua.edu.cn/packages/b4/41/35ff1f9a6bd380303dea55e44c4933b4cc3c4850988927d4082ada230273/charset_normalizer-3.4.1-cp313-cp313-musllinux_1_2_aarch64.whl", hash = "sha256:0924e81d3d5e70f8126529951dac65c1010cdf117bb75eb02dd12339b57749dd", size = 140972 },
    { url = "https://pypi.tuna.tsinghua.edu.cn/packages/fb/43/c6a0b685fe6910d08ba971f62cd9c3e862a85770395ba5d9cad4fede33ab/charset_normalizer-3.4.1-cp313-cp313-musllinux_1_2_i686.whl", hash = "sha256:2967f74ad52c3b98de4c3b32e1a44e32975e008a9cd2a8cc8966d6a5218c5cb2", size = 149095 },
    { url = "https://pypi.tuna.tsinghua.edu.cn/packages/4c/ff/a9a504662452e2d2878512115638966e75633519ec11f25fca3d2049a94a/charset_normalizer-3.4.1-cp313-cp313-musllinux_1_2_ppc64le.whl", hash = "sha256:c75cb2a3e389853835e84a2d8fb2b81a10645b503eca9bcb98df6b5a43eb8886", size = 152668 },
    { url = "https://pypi.tuna.tsinghua.edu.cn/packages/6c/71/189996b6d9a4b932564701628af5cee6716733e9165af1d5e1b285c530ed/charset_normalizer-3.4.1-cp313-cp313-musllinux_1_2_s390x.whl", hash = "sha256:09b26ae6b1abf0d27570633b2b078a2a20419c99d66fb2823173d73f188ce601", size = 150073 },
    { url = "https://pypi.tuna.tsinghua.edu.cn/packages/e4/93/946a86ce20790e11312c87c75ba68d5f6ad2208cfb52b2d6a2c32840d922/charset_normalizer-3.4.1-cp313-cp313-musllinux_1_2_x86_64.whl", hash = "sha256:fa88b843d6e211393a37219e6a1c1df99d35e8fd90446f1118f4216e307e48cd", size = 145732 },
    { url = "https://pypi.tuna.tsinghua.edu.cn/packages/cd/e5/131d2fb1b0dddafc37be4f3a2fa79aa4c037368be9423061dccadfd90091/charset_normalizer-3.4.1-cp313-cp313-win32.whl", hash = "sha256:eb8178fe3dba6450a3e024e95ac49ed3400e506fd4e9e5c32d30adda88cbd407", size = 95391 },
    { url = "https://pypi.tuna.tsinghua.edu.cn/packages/27/f2/4f9a69cc7712b9b5ad8fdb87039fd89abba997ad5cbe690d1835d40405b0/charset_normalizer-3.4.1-cp313-cp313-win_amd64.whl", hash = "sha256:b1ac5992a838106edb89654e0aebfc24f5848ae2547d22c2c3f66454daa11971", size = 102702 },
    { url = "https://pypi.tuna.tsinghua.edu.cn/packages/0e/f6/65ecc6878a89bb1c23a086ea335ad4bf21a588990c3f535a227b9eea9108/charset_normalizer-3.4.1-py3-none-any.whl", hash = "sha256:d98b1668f06378c6dbefec3b92299716b931cd4e6061f3c875a71ced1780ab85", size = 49767 },
]

[[package]]
name = "cigam"
version = "0.0.3"
source = { registry = "https://pypi.tuna.tsinghua.edu.cn/simple" }
wheels = [
    { url = "https://pypi.tuna.tsinghua.edu.cn/packages/3c/d0/19ff49c1938aea4e0076ee084ca23845408cffb51582b2be975f926533b5/cigam-0.0.3-py3-none-any.whl", hash = "sha256:8fcf65d7361f0372c53780e861307abd1f11a94b6204fa653ba3f38277822783", size = 3788 },
]

[[package]]
name = "decorator"
version = "5.2.1"
source = { registry = "https://pypi.tuna.tsinghua.edu.cn/simple" }
sdist = { url = "https://pypi.tuna.tsinghua.edu.cn/packages/43/fa/6d96a0978d19e17b68d634497769987b16c8f4cd0a7a05048bec693caa6b/decorator-5.2.1.tar.gz", hash = "sha256:65f266143752f734b0a7cc83c46f4618af75b8c5911b00ccb61d0ac9b6da0360", size = 56711 }
wheels = [
    { url = "https://pypi.tuna.tsinghua.edu.cn/packages/4e/8c/f3147f5c4b73e7550fe5f9352eaa956ae838d5c51eb58e7a25b9f3e2643b/decorator-5.2.1-py3-none-any.whl", hash = "sha256:d316bb415a2d9e2d2b3abcc4084c6502fc09240e292cd76a76afc106a1c8e04a", size = 9190 },
]

[[package]]
name = "deprecation"
version = "2.1.0"
source = { registry = "https://pypi.tuna.tsinghua.edu.cn/simple" }
dependencies = [
    { name = "packaging" },
]
sdist = { url = "https://pypi.tuna.tsinghua.edu.cn/packages/5a/d3/8ae2869247df154b64c1884d7346d412fed0c49df84db635aab2d1c40e62/deprecation-2.1.0.tar.gz", hash = "sha256:72b3bde64e5d778694b0cf68178aed03d15e15477116add3fb773e581f9518ff", size = 173788 }
wheels = [
    { url = "https://pypi.tuna.tsinghua.edu.cn/packages/02/c3/253a89ee03fc9b9682f1541728eb66db7db22148cd94f89ab22528cd1e1b/deprecation-2.1.0-py2.py3-none-any.whl", hash = "sha256:a10811591210e1fb0e768a8c25517cabeabcba6f0bf96564f8ff45189f90b14a", size = 11178 },
]

[[package]]
name = "idna"
version = "3.10"
source = { registry = "https://pypi.tuna.tsinghua.edu.cn/simple" }
sdist = { url = "https://pypi.tuna.tsinghua.edu.cn/packages/f1/70/7703c29685631f5a7590aa73f1f1d3fa9a380e654b86af429e0934a32f7d/idna-3.10.tar.gz", hash = "sha256:12f65c9b470abda6dc35cf8e63cc574b1c52b11df2c86030af0ac09b01b13ea9", size = 190490 }
wheels = [
    { url = "https://pypi.tuna.tsinghua.edu.cn/packages/76/c6/c88e154df9c4e1a2a66ccf0005a88dfb2650c1dffb6f5ce603dfbd452ce3/idna-3.10-py3-none-any.whl", hash = "sha256:946d195a0d259cbba61165e88e65941f16e9b36ea6ddb97f00452bae8b1287d3", size = 70442 },
]

[[package]]
name = "numpy"
version = "2.2.3"
source = { registry = "https://pypi.tuna.tsinghua.edu.cn/simple" }
sdist = { url = "https://pypi.tuna.tsinghua.edu.cn/packages/fb/90/8956572f5c4ae52201fdec7ba2044b2c882832dcec7d5d0922c9e9acf2de/numpy-2.2.3.tar.gz", hash = "sha256:dbdc15f0c81611925f382dfa97b3bd0bc2c1ce19d4fe50482cb0ddc12ba30020", size = 20262700 }
wheels = [
    { url = "https://pypi.tuna.tsinghua.edu.cn/packages/0e/8b/88b98ed534d6a03ba8cddb316950fe80842885709b58501233c29dfa24a9/numpy-2.2.3-cp313-cp313-macosx_10_13_x86_64.whl", hash = "sha256:7bfdb06b395385ea9b91bf55c1adf1b297c9fdb531552845ff1d3ea6e40d5aba", size = 20916001 },
    { url = "https://pypi.tuna.tsinghua.edu.cn/packages/d9/b4/def6ec32c725cc5fbd8bdf8af80f616acf075fe752d8a23e895da8c67b70/numpy-2.2.3-cp313-cp313-macosx_11_0_arm64.whl", hash = "sha256:23c9f4edbf4c065fddb10a4f6e8b6a244342d95966a48820c614891e5059bb50", size = 14130721 },
    { url = "https://pypi.tuna.tsinghua.edu.cn/packages/20/60/70af0acc86495b25b672d403e12cb25448d79a2b9658f4fc45e845c397a8/numpy-2.2.3-cp313-cp313-macosx_14_0_arm64.whl", hash = "sha256:a0c03b6be48aaf92525cccf393265e02773be8fd9551a2f9adbe7db1fa2b60f1", size = 5130999 },
    { url = "https://pypi.tuna.tsinghua.edu.cn/packages/2e/69/d96c006fb73c9a47bcb3611417cf178049aae159afae47c48bd66df9c536/numpy-2.2.3-cp313-cp313-macosx_14_0_x86_64.whl", hash = "sha256:2376e317111daa0a6739e50f7ee2a6353f768489102308b0d98fcf4a04f7f3b5", size = 6665299 },
    { url = "https://pypi.tuna.tsinghua.edu.cn/packages/5a/3f/d8a877b6e48103733ac224ffa26b30887dc9944ff95dffdfa6c4ce3d7df3/numpy-2.2.3-cp313-cp313-manylinux_2_17_aarch64.manylinux2014_aarch64.whl", hash = "sha256:8fb62fe3d206d72fe1cfe31c4a1106ad2b136fcc1606093aeab314f02930fdf2", size = 14064096 },
    { url = "https://pypi.tuna.tsinghua.edu.cn/packages/e4/43/619c2c7a0665aafc80efca465ddb1f260287266bdbdce517396f2f145d49/numpy-2.2.3-cp313-cp313-manylinux_2_17_x86_64.manylinux2014_x86_64.whl", hash = "sha256:52659ad2534427dffcc36aac76bebdd02b67e3b7a619ac67543bc9bfe6b7cdb1", size = 16114758 },
    { url = "https://pypi.tuna.tsinghua.edu.cn/packages/d9/79/ee4fe4f60967ccd3897aa71ae14cdee9e3c097e3256975cc9575d393cb42/numpy-2.2.3-cp313-cp313-musllinux_1_2_aarch64.whl", hash = "sha256:1b416af7d0ed3271cad0f0a0d0bee0911ed7eba23e66f8424d9f3dfcdcae1304", size = 15259880 },
    { url = "https://pypi.tuna.tsinghua.edu.cn/packages/fb/c8/8b55cf05db6d85b7a7d414b3d1bd5a740706df00bfa0824a08bf041e52ee/numpy-2.2.3-cp313-cp313-musllinux_1_2_x86_64.whl", hash = "sha256:1402da8e0f435991983d0a9708b779f95a8c98c6b18a171b9f1be09005e64d9d", size = 17876721 },
    { url = "https://pypi.tuna.tsinghua.edu.cn/packages/21/d6/b4c2f0564b7dcc413117b0ffbb818d837e4b29996b9234e38b2025ed24e7/numpy-2.2.3-cp313-cp313-win32.whl", hash = "sha256:136553f123ee2951bfcfbc264acd34a2fc2f29d7cdf610ce7daf672b6fbaa693", size = 6290195 },
    { url = "https://pypi.tuna.tsinghua.edu.cn/packages/97/e7/7d55a86719d0de7a6a597949f3febefb1009435b79ba510ff32f05a8c1d7/numpy-2.2.3-cp313-cp313-win_amd64.whl", hash = "sha256:5b732c8beef1d7bc2d9e476dbba20aaff6167bf205ad9aa8d30913859e82884b", size = 12619013 },
    { url = "https://pypi.tuna.tsinghua.edu.cn/packages/a6/1f/0b863d5528b9048fd486a56e0b97c18bf705e88736c8cea7239012119a54/numpy-2.2.3-cp313-cp313t-macosx_10_13_x86_64.whl", hash = "sha256:435e7a933b9fda8126130b046975a968cc2d833b505475e588339e09f7672890", size = 20944621 },
    { url = "https://pypi.tuna.tsinghua.edu.cn/packages/aa/99/b478c384f7a0a2e0736177aafc97dc9152fc036a3fdb13f5a3ab225f1494/numpy-2.2.3-cp313-cp313t-macosx_11_0_arm64.whl", hash = "sha256:7678556eeb0152cbd1522b684dcd215250885993dd00adb93679ec3c0e6e091c", size = 14142502 },
    { url = "https://pypi.tuna.tsinghua.edu.cn/packages/fb/61/2d9a694a0f9cd0a839501d362de2a18de75e3004576a3008e56bdd60fcdb/numpy-2.2.3-cp313-cp313t-macosx_14_0_arm64.whl", hash = "sha256:2e8da03bd561504d9b20e7a12340870dfc206c64ea59b4cfee9fceb95070ee94", size = 5176293 },
    { url = "https://pypi.tuna.tsinghua.edu.cn/packages/33/35/51e94011b23e753fa33f891f601e5c1c9a3d515448659b06df9d40c0aa6e/numpy-2.2.3-cp313-cp313t-macosx_14_0_x86_64.whl", hash = "sha256:c9aa4496fd0e17e3843399f533d62857cef5900facf93e735ef65aa4bbc90ef0", size = 6691874 },
    { url = "https://pypi.tuna.tsinghua.edu.cn/packages/ff/cf/06e37619aad98a9d03bd8d65b8e3041c3a639be0f5f6b0a0e2da544538d4/numpy-2.2.3-cp313-cp313t-manylinux_2_17_aarch64.manylinux2014_aarch64.whl", hash = "sha256:f4ca91d61a4bf61b0f2228f24bbfa6a9facd5f8af03759fe2a655c50ae2c6610", size = 14036826 },
    { url = "https://pypi.tuna.tsinghua.edu.cn/packages/0c/93/5d7d19955abd4d6099ef4a8ee006f9ce258166c38af259f9e5558a172e3e/numpy-2.2.3-cp313-cp313t-manylinux_2_17_x86_64.manylinux2014_x86_64.whl", hash = "sha256:deaa09cd492e24fd9b15296844c0ad1b3c976da7907e1c1ed3a0ad21dded6f76", size = 16096567 },
    { url = "https://pypi.tuna.tsinghua.edu.cn/packages/af/53/d1c599acf7732d81f46a93621dab6aa8daad914b502a7a115b3f17288ab2/numpy-2.2.3-cp313-cp313t-musllinux_1_2_aarch64.whl", hash = "sha256:246535e2f7496b7ac85deffe932896a3577be7af8fb7eebe7146444680297e9a", size = 15242514 },
    { url = "https://pypi.tuna.tsinghua.edu.cn/packages/53/43/c0f5411c7b3ea90adf341d05ace762dad8cb9819ef26093e27b15dd121ac/numpy-2.2.3-cp313-cp313t-musllinux_1_2_x86_64.whl", hash = "sha256:daf43a3d1ea699402c5a850e5313680ac355b4adc9770cd5cfc2940e7861f1bf", size = 17872920 },
    { url = "https://pypi.tuna.tsinghua.edu.cn/packages/5b/57/6dbdd45ab277aff62021cafa1e15f9644a52f5b5fc840bc7591b4079fb58/numpy-2.2.3-cp313-cp313t-win32.whl", hash = "sha256:cf802eef1f0134afb81fef94020351be4fe1d6681aadf9c5e862af6602af64ef", size = 6346584 },
    { url = "https://pypi.tuna.tsinghua.edu.cn/packages/97/9b/484f7d04b537d0a1202a5ba81c6f53f1846ae6c63c2127f8df869ed31342/numpy-2.2.3-cp313-cp313t-win_amd64.whl", hash = "sha256:aee2512827ceb6d7f517c8b85aa5d3923afe8fc7a57d028cffcd522f1c6fd082", size = 12706784 },
]

[[package]]
name = "packaging"
version = "24.2"
source = { registry = "https://pypi.tuna.tsinghua.edu.cn/simple" }
sdist = { url = "https://pypi.tuna.tsinghua.edu.cn/packages/d0/63/68dbb6eb2de9cb10ee4c9c14a0148804425e13c4fb20d61cce69f53106da/packaging-24.2.tar.gz", hash = "sha256:c228a6dc5e932d346bc5739379109d49e8853dd8223571c7c5b55260edc0b97f", size = 163950 }
wheels = [
    { url = "https://pypi.tuna.tsinghua.edu.cn/packages/88/ef/eb23f262cca3c0c4eb7ab1933c3b1f03d021f2c48f54763065b6f0e321be/packaging-24.2-py3-none-any.whl", hash = "sha256:09abb1bccd265c01f4a3aa3f7a7db064b36514d2cba19a2f694fe6150451a759", size = 65451 },
]

[[package]]
name = "pillow"
version = "11.1.0"
source = { registry = "https://pypi.tuna.tsinghua.edu.cn/simple" }
sdist = { url = "https://pypi.tuna.tsinghua.edu.cn/packages/f3/af/c097e544e7bd278333db77933e535098c259609c4eb3b85381109602fb5b/pillow-11.1.0.tar.gz", hash = "sha256:368da70808b36d73b4b390a8ffac11069f8a5c85f29eff1f1b01bcf3ef5b2a20", size = 46742715 }
wheels = [
    { url = "https://pypi.tuna.tsinghua.edu.cn/packages/b3/31/9ca79cafdce364fd5c980cd3416c20ce1bebd235b470d262f9d24d810184/pillow-11.1.0-cp313-cp313-macosx_10_13_x86_64.whl", hash = "sha256:ae98e14432d458fc3de11a77ccb3ae65ddce70f730e7c76140653048c71bfcbc", size = 3226640 },
    { url = "https://pypi.tuna.tsinghua.edu.cn/packages/ac/0f/ff07ad45a1f172a497aa393b13a9d81a32e1477ef0e869d030e3c1532521/pillow-11.1.0-cp313-cp313-macosx_11_0_arm64.whl", hash = "sha256:cc1331b6d5a6e144aeb5e626f4375f5b7ae9934ba620c0ac6b3e43d5e683a0f0", size = 3101437 },
    { url = "https://pypi.tuna.tsinghua.edu.cn/packages/08/2f/9906fca87a68d29ec4530be1f893149e0cb64a86d1f9f70a7cfcdfe8ae44/pillow-11.1.0-cp313-cp313-manylinux_2_17_aarch64.manylinux2014_aarch64.whl", hash = "sha256:758e9d4ef15d3560214cddbc97b8ef3ef86ce04d62ddac17ad39ba87e89bd3b1", size = 4326605 },
    { url = "https://pypi.tuna.tsinghua.edu.cn/packages/b0/0f/f3547ee15b145bc5c8b336401b2d4c9d9da67da9dcb572d7c0d4103d2c69/pillow-11.1.0-cp313-cp313-manylinux_2_17_x86_64.manylinux2014_x86_64.whl", hash = "sha256:b523466b1a31d0dcef7c5be1f20b942919b62fd6e9a9be199d035509cbefc0ec", size = 4411173 },
    { url = "https://pypi.tuna.tsinghua.edu.cn/packages/b1/df/bf8176aa5db515c5de584c5e00df9bab0713548fd780c82a86cba2c2fedb/pillow-11.1.0-cp313-cp313-manylinux_2_28_aarch64.whl", hash = "sha256:9044b5e4f7083f209c4e35aa5dd54b1dd5b112b108648f5c902ad586d4f945c5", size = 4369145 },
    { url = "https://pypi.tuna.tsinghua.edu.cn/packages/de/7c/7433122d1cfadc740f577cb55526fdc39129a648ac65ce64db2eb7209277/pillow-11.1.0-cp313-cp313-manylinux_2_28_x86_64.whl", hash = "sha256:3764d53e09cdedd91bee65c2527815d315c6b90d7b8b79759cc48d7bf5d4f114", size = 4496340 },
    { url = "https://pypi.tuna.tsinghua.edu.cn/packages/25/46/dd94b93ca6bd555588835f2504bd90c00d5438fe131cf01cfa0c5131a19d/pillow-11.1.0-cp313-cp313-musllinux_1_2_aarch64.whl", hash = "sha256:31eba6bbdd27dde97b0174ddf0297d7a9c3a507a8a1480e1e60ef914fe23d352", size = 4296906 },
    { url = "https://pypi.tuna.tsinghua.edu.cn/packages/a8/28/2f9d32014dfc7753e586db9add35b8a41b7a3b46540e965cb6d6bc607bd2/pillow-11.1.0-cp313-cp313-musllinux_1_2_x86_64.whl", hash = "sha256:b5d658fbd9f0d6eea113aea286b21d3cd4d3fd978157cbf2447a6035916506d3", size = 4431759 },
    { url = "https://pypi.tuna.tsinghua.edu.cn/packages/33/48/19c2cbe7403870fbe8b7737d19eb013f46299cdfe4501573367f6396c775/pillow-11.1.0-cp313-cp313-win32.whl", hash = "sha256:f86d3a7a9af5d826744fabf4afd15b9dfef44fe69a98541f666f66fbb8d3fef9", size = 2291657 },
    { url = "https://pypi.tuna.tsinghua.edu.cn/packages/3b/ad/285c556747d34c399f332ba7c1a595ba245796ef3e22eae190f5364bb62b/pillow-11.1.0-cp313-cp313-win_amd64.whl", hash = "sha256:593c5fd6be85da83656b93ffcccc2312d2d149d251e98588b14fbc288fd8909c", size = 2626304 },
    { url = "https://pypi.tuna.tsinghua.edu.cn/packages/e5/7b/ef35a71163bf36db06e9c8729608f78dedf032fc8313d19bd4be5c2588f3/pillow-11.1.0-cp313-cp313-win_arm64.whl", hash = "sha256:11633d58b6ee5733bde153a8dafd25e505ea3d32e261accd388827ee987baf65", size = 2375117 },
    { url = "https://pypi.tuna.tsinghua.edu.cn/packages/79/30/77f54228401e84d6791354888549b45824ab0ffde659bafa67956303a09f/pillow-11.1.0-cp313-cp313t-macosx_10_13_x86_64.whl", hash = "sha256:70ca5ef3b3b1c4a0812b5c63c57c23b63e53bc38e758b37a951e5bc466449861", size = 3230060 },
    { url = "https://pypi.tuna.tsinghua.edu.cn/packages/ce/b1/56723b74b07dd64c1010fee011951ea9c35a43d8020acd03111f14298225/pillow-11.1.0-cp313-cp313t-macosx_11_0_arm64.whl", hash = "sha256:8000376f139d4d38d6851eb149b321a52bb8893a88dae8ee7d95840431977081", size = 3106192 },
    { url = "https://pypi.tuna.tsinghua.edu.cn/packages/e1/cd/7bf7180e08f80a4dcc6b4c3a0aa9e0b0ae57168562726a05dc8aa8fa66b0/pillow-11.1.0-cp313-cp313t-manylinux_2_17_x86_64.manylinux2014_x86_64.whl", hash = "sha256:9ee85f0696a17dd28fbcfceb59f9510aa71934b483d1f5601d1030c3c8304f3c", size = 4446805 },
    { url = "https://pypi.tuna.tsinghua.edu.cn/packages/97/42/87c856ea30c8ed97e8efbe672b58c8304dee0573f8c7cab62ae9e31db6ae/pillow-11.1.0-cp313-cp313t-manylinux_2_28_x86_64.whl", hash = "sha256:dd0e081319328928531df7a0e63621caf67652c8464303fd102141b785ef9547", size = 4530623 },
    { url = "https://pypi.tuna.tsinghua.edu.cn/packages/ff/41/026879e90c84a88e33fb00cc6bd915ac2743c67e87a18f80270dfe3c2041/pillow-11.1.0-cp313-cp313t-musllinux_1_2_x86_64.whl", hash = "sha256:e63e4e5081de46517099dc30abe418122f54531a6ae2ebc8680bcd7096860eab", size = 4465191 },
    { url = "https://pypi.tuna.tsinghua.edu.cn/packages/e5/fb/a7960e838bc5df57a2ce23183bfd2290d97c33028b96bde332a9057834d3/pillow-11.1.0-cp313-cp313t-win32.whl", hash = "sha256:dda60aa465b861324e65a78c9f5cf0f4bc713e4309f83bc387be158b077963d9", size = 2295494 },
    { url = "https://pypi.tuna.tsinghua.edu.cn/packages/d7/6c/6ec83ee2f6f0fda8d4cf89045c6be4b0373ebfc363ba8538f8c999f63fcd/pillow-11.1.0-cp313-cp313t-win_amd64.whl", hash = "sha256:ad5db5781c774ab9a9b2c4302bbf0c1014960a0a7be63278d13ae6fdf88126fe", size = 2631595 },
    { url = "https://pypi.tuna.tsinghua.edu.cn/packages/cf/6c/41c21c6c8af92b9fea313aa47c75de49e2f9a467964ee33eb0135d47eb64/pillow-11.1.0-cp313-cp313t-win_arm64.whl", hash = "sha256:67cd427c68926108778a9005f2a04adbd5e67c442ed21d95389fe1d595458756", size = 2377651 },
]

[[package]]
name = "py"
version = "1.11.0"
source = { registry = "https://pypi.tuna.tsinghua.edu.cn/simple" }
sdist = { url = "https://pypi.tuna.tsinghua.edu.cn/packages/98/ff/fec109ceb715d2a6b4c4a85a61af3b40c723a961e8828319fbcb15b868dc/py-1.11.0.tar.gz", hash = "sha256:51c75c4126074b472f746a24399ad32f6053d1b34b68d2fa41e558e6f4a98719", size = 207796 }
wheels = [
    { url = "https://pypi.tuna.tsinghua.edu.cn/packages/f6/f0/10642828a8dfb741e5f3fbaac830550a518a775c7fff6f04a007259b0548/py-1.11.0-py2.py3-none-any.whl", hash = "sha256:607c53218732647dff4acdfcd50cb62615cedf612e72d1724fb1a0cc6405b378", size = 98708 },
]

[[package]]
name = "pydantic"
version = "2.10.6"
source = { registry = "https://pypi.tuna.tsinghua.edu.cn/simple" }
dependencies = [
    { name = "annotated-types" },
    { name = "pydantic-core" },
    { name = "typing-extensions" },
]
sdist = { url = "https://pypi.tuna.tsinghua.edu.cn/packages/b7/ae/d5220c5c52b158b1de7ca89fc5edb72f304a70a4c540c84c8844bf4008de/pydantic-2.10.6.tar.gz", hash = "sha256:ca5daa827cce33de7a42be142548b0096bf05a7e7b365aebfa5f8eeec7128236", size = 761681 }
wheels = [
    { url = "https://pypi.tuna.tsinghua.edu.cn/packages/f4/3c/8cc1cc84deffa6e25d2d0c688ebb80635dfdbf1dbea3e30c541c8cf4d860/pydantic-2.10.6-py3-none-any.whl", hash = "sha256:427d664bf0b8a2b34ff5dd0f5a18df00591adcee7198fbd71981054cef37b584", size = 431696 },
]

[[package]]
name = "pydantic-core"
version = "2.27.2"
source = { registry = "https://pypi.tuna.tsinghua.edu.cn/simple" }
dependencies = [
    { name = "typing-extensions" },
]
sdist = { url = "https://pypi.tuna.tsinghua.edu.cn/packages/fc/01/f3e5ac5e7c25833db5eb555f7b7ab24cd6f8c322d3a3ad2d67a952dc0abc/pydantic_core-2.27.2.tar.gz", hash = "sha256:eb026e5a4c1fee05726072337ff51d1efb6f59090b7da90d30ea58625b1ffb39", size = 413443 }
wheels = [
    { url = "https://pypi.tuna.tsinghua.edu.cn/packages/41/b1/9bc383f48f8002f99104e3acff6cba1231b29ef76cfa45d1506a5cad1f84/pydantic_core-2.27.2-cp313-cp313-macosx_10_12_x86_64.whl", hash = "sha256:7d14bd329640e63852364c306f4d23eb744e0f8193148d4044dd3dacdaacbd8b", size = 1892709 },
    { url = "https://pypi.tuna.tsinghua.edu.cn/packages/10/6c/e62b8657b834f3eb2961b49ec8e301eb99946245e70bf42c8817350cbefc/pydantic_core-2.27.2-cp313-cp313-macosx_11_0_arm64.whl", hash = "sha256:82f91663004eb8ed30ff478d77c4d1179b3563df6cdb15c0817cd1cdaf34d154", size = 1811273 },
    { url = "https://pypi.tuna.tsinghua.edu.cn/packages/ba/15/52cfe49c8c986e081b863b102d6b859d9defc63446b642ccbbb3742bf371/pydantic_core-2.27.2-cp313-cp313-manylinux_2_17_aarch64.manylinux2014_aarch64.whl", hash = "sha256:71b24c7d61131bb83df10cc7e687433609963a944ccf45190cfc21e0887b08c9", size = 1823027 },
    { url = "https://pypi.tuna.tsinghua.edu.cn/packages/b1/1c/b6f402cfc18ec0024120602bdbcebc7bdd5b856528c013bd4d13865ca473/pydantic_core-2.27.2-cp313-cp313-manylinux_2_17_armv7l.manylinux2014_armv7l.whl", hash = "sha256:fa8e459d4954f608fa26116118bb67f56b93b209c39b008277ace29937453dc9", size = 1868888 },
    { url = "https://pypi.tuna.tsinghua.edu.cn/packages/bd/7b/8cb75b66ac37bc2975a3b7de99f3c6f355fcc4d89820b61dffa8f1e81677/pydantic_core-2.27.2-cp313-cp313-manylinux_2_17_ppc64le.manylinux2014_ppc64le.whl", hash = "sha256:ce8918cbebc8da707ba805b7fd0b382816858728ae7fe19a942080c24e5b7cd1", size = 2037738 },
    { url = "https://pypi.tuna.tsinghua.edu.cn/packages/c8/f1/786d8fe78970a06f61df22cba58e365ce304bf9b9f46cc71c8c424e0c334/pydantic_core-2.27.2-cp313-cp313-manylinux_2_17_s390x.manylinux2014_s390x.whl", hash = "sha256:eda3f5c2a021bbc5d976107bb302e0131351c2ba54343f8a496dc8783d3d3a6a", size = 2685138 },
    { url = "https://pypi.tuna.tsinghua.edu.cn/packages/a6/74/d12b2cd841d8724dc8ffb13fc5cef86566a53ed358103150209ecd5d1999/pydantic_core-2.27.2-cp313-cp313-manylinux_2_17_x86_64.manylinux2014_x86_64.whl", hash = "sha256:bd8086fa684c4775c27f03f062cbb9eaa6e17f064307e86b21b9e0abc9c0f02e", size = 1997025 },
    { url = "https://pypi.tuna.tsinghua.edu.cn/packages/a0/6e/940bcd631bc4d9a06c9539b51f070b66e8f370ed0933f392db6ff350d873/pydantic_core-2.27.2-cp313-cp313-manylinux_2_5_i686.manylinux1_i686.whl", hash = "sha256:8d9b3388db186ba0c099a6d20f0604a44eabdeef1777ddd94786cdae158729e4", size = 2004633 },
    { url = "https://pypi.tuna.tsinghua.edu.cn/packages/50/cc/a46b34f1708d82498c227d5d80ce615b2dd502ddcfd8376fc14a36655af1/pydantic_core-2.27.2-cp313-cp313-musllinux_1_1_aarch64.whl", hash = "sha256:7a66efda2387de898c8f38c0cf7f14fca0b51a8ef0b24bfea5849f1b3c95af27", size = 1999404 },
    { url = "https://pypi.tuna.tsinghua.edu.cn/packages/ca/2d/c365cfa930ed23bc58c41463bae347d1005537dc8db79e998af8ba28d35e/pydantic_core-2.27.2-cp313-cp313-musllinux_1_1_armv7l.whl", hash = "sha256:18a101c168e4e092ab40dbc2503bdc0f62010e95d292b27827871dc85450d7ee", size = 2130130 },
    { url = "https://pypi.tuna.tsinghua.edu.cn/packages/f4/d7/eb64d015c350b7cdb371145b54d96c919d4db516817f31cd1c650cae3b21/pydantic_core-2.27.2-cp313-cp313-musllinux_1_1_x86_64.whl", hash = "sha256:ba5dd002f88b78a4215ed2f8ddbdf85e8513382820ba15ad5ad8955ce0ca19a1", size = 2157946 },
    { url = "https://pypi.tuna.tsinghua.edu.cn/packages/a4/99/bddde3ddde76c03b65dfd5a66ab436c4e58ffc42927d4ff1198ffbf96f5f/pydantic_core-2.27.2-cp313-cp313-win32.whl", hash = "sha256:1ebaf1d0481914d004a573394f4be3a7616334be70261007e47c2a6fe7e50130", size = 1834387 },
    { url = "https://pypi.tuna.tsinghua.edu.cn/packages/71/47/82b5e846e01b26ac6f1893d3c5f9f3a2eb6ba79be26eef0b759b4fe72946/pydantic_core-2.27.2-cp313-cp313-win_amd64.whl", hash = "sha256:953101387ecf2f5652883208769a79e48db18c6df442568a0b5ccd8c2723abee", size = 1990453 },
    { url = "https://pypi.tuna.tsinghua.edu.cn/packages/51/b2/b2b50d5ecf21acf870190ae5d093602d95f66c9c31f9d5de6062eb329ad1/pydantic_core-2.27.2-cp313-cp313-win_arm64.whl", hash = "sha256:ac4dbfd1691affb8f48c2c13241a2e3b60ff23247cbcf981759c768b6633cf8b", size = 1885186 },
]

[[package]]
name = "pyelftools"
version = "0.32"
source = { registry = "https://pypi.tuna.tsinghua.edu.cn/simple" }
sdist = { url = "https://pypi.tuna.tsinghua.edu.cn/packages/b9/ab/33968940b2deb3d92f5b146bc6d4009a5f95d1d06c148ea2f9ee965071af/pyelftools-0.32.tar.gz", hash = "sha256:6de90ee7b8263e740c8715a925382d4099b354f29ac48ea40d840cf7aa14ace5", size = 15047199 }
wheels = [
    { url = "https://pypi.tuna.tsinghua.edu.cn/packages/af/43/700932c4f0638c3421177144a2e86448c0d75dbaee2c7936bda3f9fd0878/pyelftools-0.32-py3-none-any.whl", hash = "sha256:013df952a006db5e138b1edf6d8a68ecc50630adbd0d83a2d41e7f846163d738", size = 188525 },
]

[[package]]
name = "pyside6"
version = "6.8.2.1"
source = { registry = "https://pypi.tuna.tsinghua.edu.cn/simple" }
dependencies = [
    { name = "pyside6-addons" },
    { name = "pyside6-essentials" },
    { name = "shiboken6" },
]
wheels = [
    { url = "https://pypi.tuna.tsinghua.edu.cn/packages/14/0f/bdb12758448b52497dba7a3bbfb5855dfb29129c64ddbda4da56c4b11f6c/PySide6-6.8.2.1-cp39-abi3-macosx_12_0_universal2.whl", hash = "sha256:3fcb551729f235475b2abe7d919027de54a65d850e744f60716f890202273720", size = 550254 },
    { url = "https://pypi.tuna.tsinghua.edu.cn/packages/fa/00/0b232a25eeb8671202d7a7ec92893bd25b965debfd1d5d7aad637b067efe/PySide6-6.8.2.1-cp39-abi3-manylinux_2_28_x86_64.whl", hash = "sha256:23d2a1a77b25459a049c4276b4e0bbfb375b73d3921061b1a16bcfa64e1fe517", size = 550489 },
    { url = "https://pypi.tuna.tsinghua.edu.cn/packages/8b/8a/9eb78cf71233399236c257cf85770ca4673ed0b9b959895856285157f643/PySide6-6.8.2.1-cp39-abi3-manylinux_2_39_aarch64.whl", hash = "sha256:bfefa80a93db06dc64c0e7beef0377c9b8ca51e007cfc34575defe065af893b6", size = 550491 },
    { url = "https://pypi.tuna.tsinghua.edu.cn/packages/fb/3d/3e626e1953408cb8977a050ce54b1f1adff9a4c06bb519f6d56ebaf9310c/PySide6-6.8.2.1-cp39-abi3-win_amd64.whl", hash = "sha256:92361e41727910e3560ea5ba494fabecc76cd20892c9fcb2ced07619081c4e65", size = 556167 },
]

[[package]]
name = "pyside6-addons"
version = "6.8.2.1"
source = { registry = "https://pypi.tuna.tsinghua.edu.cn/simple" }
dependencies = [
    { name = "pyside6-essentials" },
    { name = "shiboken6" },
]
wheels = [
    { url = "https://pypi.tuna.tsinghua.edu.cn/packages/6e/79/a868ffac6eb446afdd25312b61872d0d11173032d50320d48b5277b68ccf/PySide6_Addons-6.8.2.1-cp39-abi3-macosx_12_0_universal2.whl", hash = "sha256:5558816018042fecd0d782111ced529585a23ea9a010b518f8495764f578a01f", size = 302704501 },
    { url = "https://pypi.tuna.tsinghua.edu.cn/packages/95/3a/93e0028805c50ceff8b8ae0f274d502805b8a864129b83d705ab12d48f78/PySide6_Addons-6.8.2.1-cp39-abi3-manylinux_2_28_x86_64.whl", hash = "sha256:f3d85e676851ada8238bc76ebfacbee738fc0b35b3bc15c9765dd107b8ee6ec4", size = 160641392 },
    { url = "https://pypi.tuna.tsinghua.edu.cn/packages/84/5c/e822e4ef6c2140b273cb0f8531d7e200c8771bd61832decc524fc318c335/PySide6_Addons-6.8.2.1-cp39-abi3-manylinux_2_39_aarch64.whl", hash = "sha256:d904179f16deeca4ba440b4ef78e8d54df2b994b46784ad9d53b741082f3b2a7", size = 156398179 },
    { url = "https://pypi.tuna.tsinghua.edu.cn/packages/0a/f8/98f85194f85a1fcff44ad98cd80cf6e856f7edee9e744fba81dec48b0ae9/PySide6_Addons-6.8.2.1-cp39-abi3-win_amd64.whl", hash = "sha256:c761cc45022aa79d8419e671e7fb34a4a3e5b3826f1e68fcb819bd6e3a387fbb", size = 127973648 },
]

[[package]]
name = "pyside6-essentials"
version = "6.8.2.1"
source = { registry = "https://pypi.tuna.tsinghua.edu.cn/simple" }
dependencies = [
    { name = "shiboken6" },
]
wheels = [
    { url = "https://pypi.tuna.tsinghua.edu.cn/packages/01/bb/0127a53530cec0f9e7268e2fe235322b7b6e592caeb36c558b64da6ec52c/PySide6_Essentials-6.8.2.1-cp39-abi3-macosx_12_0_universal2.whl", hash = "sha256:ae5cc48f7e9a08e73e3ec2387ce245c8150e620b8d5a87548ebd4b8e3aeae49b", size = 134909713 },
    { url = "https://pypi.tuna.tsinghua.edu.cn/packages/d2/f9/aa4ff511ff1f3dd177f7e8f5a635e03fe578fa2045c8d6be4577e7db3b28/PySide6_Essentials-6.8.2.1-cp39-abi3-manylinux_2_28_x86_64.whl", hash = "sha256:5ab31e5395a4724102edd6e8ff980fa3f7cde2aa79050763a1dcc30bb914195a", size = 95331575 },
    { url = "https://pypi.tuna.tsinghua.edu.cn/packages/fd/69/595002d860ee58431fe7add081d6f54fff94ae9680f2eb8cd355c1649bb6/PySide6_Essentials-6.8.2.1-cp39-abi3-manylinux_2_39_aarch64.whl", hash = "sha256:7aed46f91d44399b4c713cf7387f5fb6f0114413fbcdbde493a528fb8e19f6ed", size = 93200219 },
    { url = "https://pypi.tuna.tsinghua.edu.cn/packages/5b/54/28a8b03f327e2c1d27d4a1ccf1a44997afc73c00ad07125d889640367194/PySide6_Essentials-6.8.2.1-cp39-abi3-win_amd64.whl", hash = "sha256:18de224f09108998d194e60f2fb8a1e86367dd525dd8a6192598e80e6ada649e", size = 72502927 },
]

[[package]]
name = "requests"
version = "2.32.3"
source = { registry = "https://pypi.tuna.tsinghua.edu.cn/simple" }
dependencies = [
    { name = "certifi" },
    { name = "charset-normalizer" },
    { name = "idna" },
    { name = "urllib3" },
]
sdist = { url = "https://pypi.tuna.tsinghua.edu.cn/packages/63/70/2bf7780ad2d390a8d301ad0b550f1581eadbd9a20f896afe06353c2a2913/requests-2.32.3.tar.gz", hash = "sha256:55365417734eb18255590a9ff9eb97e9e1da868d4ccd6402399eaf68af20a760", size = 131218 }
wheels = [
    { url = "https://pypi.tuna.tsinghua.edu.cn/packages/f9/9b/335f9764261e915ed497fcdeb11df5dfd6f7bf257d4a6a2a686d80da4d54/requests-2.32.3-py3-none-any.whl", hash = "sha256:70761cfe03c773ceb22aa2f671b4757976145175cdfca038c02654d061d6dcc6", size = 64928 },
]

[[package]]
name = "retry"
version = "0.9.2"
source = { registry = "https://pypi.tuna.tsinghua.edu.cn/simple" }
dependencies = [
    { name = "decorator" },
    { name = "py" },
]
sdist = { url = "https://pypi.tuna.tsinghua.edu.cn/packages/9d/72/75d0b85443fbc8d9f38d08d2b1b67cc184ce35280e4a3813cda2f445f3a4/retry-0.9.2.tar.gz", hash = "sha256:f8bfa8b99b69c4506d6f5bd3b0aabf77f98cdb17f3c9fc3f5ca820033336fba4", size = 6448 }
wheels = [
    { url = "https://pypi.tuna.tsinghua.edu.cn/packages/4b/0d/53aea75710af4528a25ed6837d71d117602b01946b307a3912cb3cfcbcba/retry-0.9.2-py2.py3-none-any.whl", hash = "sha256:ccddf89761fa2c726ab29391837d4327f819ea14d244c232a1d24c67a2f98606", size = 7986 },
]

[[package]]
name = "scrcpy-client"
version = "0.4.7"
source = { virtual = "." }
dependencies = [
    { name = "adbutils" },
    { name = "av" },
    { name = "numpy" },
    { name = "pydantic" },
    { name = "pyside6" },
]

[package.metadata]
requires-dist = [
    { name = "adbutils", specifier = ">=2.8.0" },
    { name = "av", specifier = ">=14.2.0" },
    { name = "numpy", specifier = ">=2.2.3" },
    { name = "pydantic", specifier = ">=2.10.6" },
    { name = "pyside6", specifier = ">=6.8.2.1" },
]

[[package]]
name = "shiboken6"
version = "6.8.2.1"
source = { registry = "https://pypi.tuna.tsinghua.edu.cn/simple" }
wheels = [
    { url = "https://pypi.tuna.tsinghua.edu.cn/packages/d8/8f/71ccc3642edb59efaca35d4ba974248b1d7847f5e4d87d3ea323e73b2cab/shiboken6-6.8.2.1-cp39-abi3-macosx_12_0_universal2.whl", hash = "sha256:d3dedeb3732ecfc920c9f97da769c0022a1c3bda99346a9eba56fbf093deaa75", size = 401266 },
    { url = "https://pypi.tuna.tsinghua.edu.cn/packages/7b/ff/ab4f287b9573e50b5a47c10e2af8feb5abecc3c7431bd5deec135efc969e/shiboken6-6.8.2.1-cp39-abi3-manylinux_2_28_x86_64.whl", hash = "sha256:c83e90056f13d0872cc4d2b7bf60b6d6e3b1b172f1f91910c0ba5b641af01758", size = 204273 },
    { url = "https://pypi.tuna.tsinghua.edu.cn/packages/a6/b0/4fb102eb5260ee06d379769f3c4f0b82ef397c15f1cbbbbb3f6dceb86d5d/shiboken6-6.8.2.1-cp39-abi3-manylinux_2_39_aarch64.whl", hash = "sha256:8592401423acc693f51dbbfae5e7493cc3ed6738be79daaf90afa07f4da5bb25", size = 200909 },
    { url = "https://pypi.tuna.tsinghua.edu.cn/packages/ae/88/b56bdb38a11066e4eecd1da6be4205bb406398b733b392b11c5aaf9547f7/shiboken6-6.8.2.1-cp39-abi3-win_amd64.whl", hash = "sha256:1b751d47b759762b7ca31bad278d52eca4105d3028880d93979261ebbfba810c", size = 1150270 },
]

[[package]]
name = "typing-extensions"
version = "4.12.2"
source = { registry = "https://pypi.tuna.tsinghua.edu.cn/simple" }
sdist = { url = "https://pypi.tuna.tsinghua.edu.cn/packages/df/db/f35a00659bc03fec321ba8bce9420de607a1d37f8342eee1863174c69557/typing_extensions-4.12.2.tar.gz", hash = "sha256:1a7ead55c7e559dd4dee8856e3a88b41225abfe1ce8df57b7c13915fe121ffb8", size = 85321 }
wheels = [
    { url = "https://pypi.tuna.tsinghua.edu.cn/packages/26/9f/ad63fc0248c5379346306f8668cda6e2e2e9c95e01216d2b8ffd9ff037d0/typing_extensions-4.12.2-py3-none-any.whl", hash = "sha256:04e5ca0351e0f3f85c6853954072df659d0d13fac324d0072316b67d7794700d", size = 37438 },
]

[[package]]
name = "urllib3"
version = "2.3.0"
source = { registry = "https://pypi.tuna.tsinghua.edu.cn/simple" }
sdist = { url = "https://pypi.tuna.tsinghua.edu.cn/packages/aa/63/e53da845320b757bf29ef6a9062f5c669fe997973f966045cb019c3f4b66/urllib3-2.3.0.tar.gz", hash = "sha256:f8c5449b3cf0861679ce7e0503c7b44b5ec981bec0d1d3795a07f1ba96f0204d", size = 307268 }
wheels = [
    { url = "https://pypi.tuna.tsinghua.edu.cn/packages/c8/19/4ec628951a74043532ca2cf5d97b7b14863931476d117c471e8e2b1eb39f/urllib3-2.3.0-py3-none-any.whl", hash = "sha256:1cee9ad369867bfdbbb48b7dd50374c0967a0bb7710050facf0dd6911440e3df", size = 128369 },
]

[[package]]
name = "xmltodict"
version = "0.14.2"
source = { registry = "https://pypi.tuna.tsinghua.edu.cn/simple" }
sdist = { url = "https://pypi.tuna.tsinghua.edu.cn/packages/50/05/51dcca9a9bf5e1bce52582683ce50980bcadbc4fa5143b9f2b19ab99958f/xmltodict-0.14.2.tar.gz", hash = "sha256:201e7c28bb210e374999d1dde6382923ab0ed1a8a5faeece48ab525b7810a553", size = 51942 }
wheels = [
    { url = "https://pypi.tuna.tsinghua.edu.cn/packages/d6/45/fc303eb433e8a2a271739c98e953728422fa61a3c1f36077a49e395c972e/xmltodict-0.14.2-py2.py3-none-any.whl", hash = "sha256:20cc7d723ed729276e808f26fb6b3599f786cbc37e06c65e192ba77c40f20aac", size = 9981 },
]
